
Microsoft Visual Studio Solution File, Format Version 12.00
# Visual Studio Version 16
VisualStudioVersion = 16.0.31112.23
MinimumVisualStudioVersion = 10.0.40219.1
Project("{FAE04EC0-301F-11D3-BF4B-00C04F79EFBC}") = "CentroCultural", "CentroCultural\CentroCultural.csproj", "{27174599-0945-4081-98DA-8A4A6B99A87B}"
EndProject
Global
	GlobalSection(SolutionConfigurationPlatforms) = preSolution
		Debug|Any CPU = Debug|Any CPU
		Release|Any CPU = Release|Any CPU
	EndGlobalSection
	GlobalSection(ProjectConfigurationPlatforms) = postSolution
		{27174599-0945-4081-98DA-8A4A6B99A87B}.Debug|Any CPU.ActiveCfg = Debug|Any CPU
		{27174599-0945-4081-98DA-8A4A6B99A87B}.Debug|Any CPU.Build.0 = Debug|Any CPU
		{27174599-0945-4081-98DA-8A4A6B99A87B}.Release|Any CPU.ActiveCfg = Release|Any CPU
		{27174599-0945-4081-98DA-8A4A6B99A87B}.Release|Any CPU.Build.0 = Release|Any CPU
	EndGlobalSection
	GlobalSection(SolutionProperties) = preSolution
		HideSolutionNode = FALSE
	EndGlobalSection
	GlobalSection(ExtensibilityGlobals) = postSolution
		SolutionGuid = {38E10CEF-9BCE-41A3-890B-BF931F0B2401}
	EndGlobalSection
EndGlobal
